
Microsoft Visual Studio Solution File, Format Version 12.00
# Visual Studio Version 18
VisualStudioVersion = 18.4.11605.240 stable
MinimumVisualStudioVersion = 10.0.40219.1
Project("{FAE04EC0-301F-11D3-BF4B-00C04F79EFBC}") = "ConsoleApp3", "ConsoleApp3.csproj", "{38192537-BC18-4DF9-909C-B10C87971BB2}"
EndProject
Project("{FAE04EC0-301F-11D3-BF4B-00C04F79EFBC}") = "TransactionModel", "..\TransactionModel\TransactionModel.csproj", "{8E5A02F6-BC32-46B3-9696-E76A4A7F8054}"
EndProject
Project("{FAE04EC0-301F-11D3-BF4B-00C04F79EFBC}") = "TransactionDataa", "..\TransactionDataa\TransactionDataa.csproj", "{02DB4867-1D3B-45EC-81EE-5613B9EE43F4}"
EndProject
Project("{FAE04EC0-301F-11D3-BF4B-00C04F79EFBC}") = "TransactionApp", "..\TransactionApp\TransactionApp.csproj", "{CF74B8A7-AA08-4FA7-8FAC-FD13C915F5F2}"
EndProject
Global
	GlobalSection(SolutionConfigurationPlatforms) = preSolution
		Debug|Any CPU = Debug|Any CPU
		Release|Any CPU = Release|Any CPU
	EndGlobalSection
	GlobalSection(ProjectConfigurationPlatforms) = postSolution
		{38192537-BC18-4DF9-909C-B10C87971BB2}.Debug|Any CPU.ActiveCfg = Debug|Any CPU
		{38192537-BC18-4DF9-909C-B10C87971BB2}.Debug|Any CPU.Build.0 = Debug|Any CPU
		{38192537-BC18-4DF9-909C-B10C87971BB2}.Release|Any CPU.ActiveCfg = Release|Any CPU
		{38192537-BC18-4DF9-909C-B10C87971BB2}.Release|Any CPU.Build.0 = Release|Any CPU
		{8E5A02F6-BC32-46B3-9696-E76A4A7F8054}.Debug|Any CPU.ActiveCfg = Debug|Any CPU
		{8E5A02F6-BC32-46B3-9696-E76A4A7F8054}.Debug|Any CPU.Build.0 = Debug|Any CPU
		{8E5A02F6-BC32-46B3-9696-E76A4A7F8054}.Release|Any CPU.ActiveCfg = Release|Any CPU
		{8E5A02F6-BC32-46B3-9696-E76A4A7F8054}.Release|Any CPU.Build.0 = Release|Any CPU
		{02DB4867-1D3B-45EC-81EE-5613B9EE43F4}.Debug|Any CPU.ActiveCfg = Debug|Any CPU
		{02DB4867-1D3B-45EC-81EE-5613B9EE43F4}.Debug|Any CPU.Build.0 = Debug|Any CPU
		{02DB4867-1D3B-45EC-81EE-5613B9EE43F4}.Release|Any CPU.ActiveCfg = Release|Any CPU
		{02DB4867-1D3B-45EC-81EE-5613B9EE43F4}.Release|Any CPU.Build.0 = Release|Any CPU
		{CF74B8A7-AA08-4FA7-8FAC-FD13C915F5F2}.Debug|Any CPU.ActiveCfg = Debug|Any CPU
		{CF74B8A7-AA08-4FA7-8FAC-FD13C915F5F2}.Debug|Any CPU.Build.0 = Debug|Any CPU
		{CF74B8A7-AA08-4FA7-8FAC-FD13C915F5F2}.Release|Any CPU.ActiveCfg = Release|Any CPU
		{CF74B8A7-AA08-4FA7-8FAC-FD13C915F5F2}.Release|Any CPU.Build.0 = Release|Any CPU
	EndGlobalSection
	GlobalSection(SolutionProperties) = preSolution
		HideSolutionNode = FALSE
	EndGlobalSection
	GlobalSection(ExtensibilityGlobals) = postSolution
		SolutionGuid = {E5DFABD4-0711-4201-BD48-DA9086B82C8C}
	EndGlobalSection
EndGlobal
